
Microsoft Visual Studio Solution File, Format Version 12.00
# Visual Studio Version 17
VisualStudioVersion = 17.3.32825.248
MinimumVisualStudioVersion = 10.0.40219.1
Project("{9A19103F-16F7-4668-BE54-9A1E7A4F7556}") = "RetroConsoleControl", "RetroCodingConsole\RetroConsoleControl.csproj", "{716AFDB7-6DDE-4B31-B8FD-BA52C9CFB983}"
EndProject
Project("{FAE04EC0-301F-11D3-BF4B-00C04F79EFBC}") = "TestApp", "TestApp\TestApp.csproj", "{226D056F-7D1F-4BD9-9998-D6FBEC4BF2B8}"
EndProject
Global
	GlobalSection(SolutionConfigurationPlatforms) = preSolution
		Debug|Any CPU = Debug|Any CPU
		Release|Any CPU = Release|Any CPU
	EndGlobalSection
	GlobalSection(ProjectConfigurationPlatforms) = postSolution
		{716AFDB7-6DDE-4B31-B8FD-BA52C9CFB983}.Debug|Any CPU.ActiveCfg = Debug|Any CPU
		{716AFDB7-6DDE-4B31-B8FD-BA52C9CFB983}.Debug|Any CPU.Build.0 = Debug|Any CPU
		{716AFDB7-6DDE-4B31-B8FD-BA52C9CFB983}.Release|Any CPU.ActiveCfg = Release|Any CPU
		{716AFDB7-6DDE-4B31-B8FD-BA52C9CFB983}.Release|Any CPU.Build.0 = Release|Any CPU
		{226D056F-7D1F-4BD9-9998-D6FBEC4BF2B8}.Debug|Any CPU.ActiveCfg = Debug|Any CPU
		{226D056F-7D1F-4BD9-9998-D6FBEC4BF2B8}.Debug|Any CPU.Build.0 = Debug|Any CPU
		{226D056F-7D1F-4BD9-9998-D6FBEC4BF2B8}.Release|Any CPU.ActiveCfg = Release|Any CPU
		{226D056F-7D1F-4BD9-9998-D6FBEC4BF2B8}.Release|Any CPU.Build.0 = Release|Any CPU
	EndGlobalSection
	GlobalSection(SolutionProperties) = preSolution
		HideSolutionNode = FALSE
	EndGlobalSection
	GlobalSection(ExtensibilityGlobals) = postSolution
		SolutionGuid = {B371D193-C811-4043-9EB5-B305F48EA150}
	EndGlobalSection
EndGlobal
